gitee.com/liumou_site/logger v1.1.1 h1:oMUfnLLyaCrIh4EjoQWW32EAkRTQ8nAhy0YIKDpESlw=
gitee.com/liumou_site/logger v1.1.1/go.mod h1:V9UYMODlevf+W5KoUoFfy6BmRWh2LHm3Aa8bUF72AY8=
github.com/spf13/cast v1.5.0 h1:rj3WzYc11XZaIZMPKmwP96zkFEnnAmV8s6XbB2aY32w=
github.com/spf13/cast v1.5.0/go.mod h1:SpXXQ5YoyJw6s3/6cMTQuxvgRl3PCJiyaX9p6b155UU=
